
Microsoft Visual Studio Solution File, Format Version 12.00
# Visual Studio Version 17
VisualStudioVersion = 17.9.34622.214
MinimumVisualStudioVersion = 10.0.40219.1
Project("{FAE04EC0-301F-11D3-BF4B-00C04F79EFBC}") = "MvcCorePostgreAWSEC2", "MvcCorePostgreAWSEC2\MvcCorePostgreAWSEC2.csproj", "{5813AE9C-78EA-48A9-A959-F5697E0715A6}"
EndProject
Global
	GlobalSection(SolutionConfigurationPlatforms) = preSolution
		Debug|Any CPU = Debug|Any CPU
		Release|Any CPU = Release|Any CPU
	EndGlobalSection
	GlobalSection(ProjectConfigurationPlatforms) = postSolution
		{5813AE9C-78EA-48A9-A959-F5697E0715A6}.Debug|Any CPU.ActiveCfg = Debug|Any CPU
		{5813AE9C-78EA-48A9-A959-F5697E0715A6}.Debug|Any CPU.Build.0 = Debug|Any CPU
		{5813AE9C-78EA-48A9-A959-F5697E0715A6}.Release|Any CPU.ActiveCfg = Release|Any CPU
		{5813AE9C-78EA-48A9-A959-F5697E0715A6}.Release|Any CPU.Build.0 = Release|Any CPU
	EndGlobalSection
	GlobalSection(SolutionProperties) = preSolution
		HideSolutionNode = FALSE
	EndGlobalSection
	GlobalSection(ExtensibilityGlobals) = postSolution
		SolutionGuid = {8DEC73E0-3D9D-4BDA-9280-62A30EF5C0A0}
	EndGlobalSection
EndGlobal
